#include <cstdlib>
#include <ctime>
#include <iostream>

using namespace std;
///variabile globale
int incercari=0,NA,NumarJucator;
int main()
{
    ///Am generat numarul aleator pana la 100
    srand((unsigned)time(0));
    NA = (rand()%100)+1;

    do
    {
        cout<<"Introduce un numar: ";
        cin>>NumarJucator;
        incercari++;
        if(NA>NumarJucator)
        {
            cout<<"Numarul este mai mare"<<endl;
        }
        else if(NA<NumarJucator)
        {
            cout<<"Numarul este mai mic"<<endl;
        }
        else if(NA==NumarJucator)
        {
            cout<<"Ai ghicit"<<endl;
            cout<<"Numarul era: "<<NA<<endl;
        }

    }while(NA!=NumarJucator);

    cout<<"Ai incercat de: "<<incercari<<" ori";

}

